
Microsoft Visual Studio Solution File, Format Version 12.00
# Visual Studio Version 17
VisualStudioVersion = 17.6.33801.468
MinimumVisualStudioVersion = 10.0.40219.1
Project("{FAE04EC0-301F-11D3-BF4B-00C04F79EFBC}") = "BewarMC.com", "BewarMC.com\BewarMC.com.csproj", "{66CD79AE-0670-4CDB-AE44-A43B6D7790C1}"
EndProject
Global
	GlobalSection(SolutionConfigurationPlatforms) = preSolution
		Debug|Any CPU = Debug|Any CPU
		Release|Any CPU = Release|Any CPU
	EndGlobalSection
	GlobalSection(ProjectConfigurationPlatforms) = postSolution
		{66CD79AE-0670-4CDB-AE44-A43B6D7790C1}.Debug|Any CPU.ActiveCfg = Debug|Any CPU
		{66CD79AE-0670-4CDB-AE44-A43B6D7790C1}.Debug|Any CPU.Build.0 = Debug|Any CPU
		{66CD79AE-0670-4CDB-AE44-A43B6D7790C1}.Release|Any CPU.ActiveCfg = Release|Any CPU
		{66CD79AE-0670-4CDB-AE44-A43B6D7790C1}.Release|Any CPU.Build.0 = Release|Any CPU
	EndGlobalSection
	GlobalSection(SolutionProperties) = preSolution
		HideSolutionNode = FALSE
	EndGlobalSection
	GlobalSection(ExtensibilityGlobals) = postSolution
		SolutionGuid = {FDF17B38-12BB-4868-9D6C-5B396BAC8390}
	EndGlobalSection
EndGlobal
